
Microsoft Visual Studio Solution File, Format Version 12.00
# Visual Studio Version 16
VisualStudioVersion = 16.0.31729.503
MinimumVisualStudioVersion = 10.0.40219.1
Project("{FAE04EC0-301F-11D3-BF4B-00C04F79EFBC}") = "Reflection", "Reflection\Reflection.csproj", "{FFBF3671-8124-4570-82B5-42394FEDE206}"
EndProject
Global
	GlobalSection(SolutionConfigurationPlatforms) = preSolution
		Debug|Any CPU = Debug|Any CPU
		Release|Any CPU = Release|Any CPU
	EndGlobalSection
	GlobalSection(ProjectConfigurationPlatforms) = postSolution
		{FFBF3671-8124-4570-82B5-42394FEDE206}.Debug|Any CPU.ActiveCfg = Debug|Any CPU
		{FFBF3671-8124-4570-82B5-42394FEDE206}.Debug|Any CPU.Build.0 = Debug|Any CPU
		{FFBF3671-8124-4570-82B5-42394FEDE206}.Release|Any CPU.ActiveCfg = Release|Any CPU
		{FFBF3671-8124-4570-82B5-42394FEDE206}.Release|Any CPU.Build.0 = Release|Any CPU
	EndGlobalSection
	GlobalSection(SolutionProperties) = preSolution
		HideSolutionNode = FALSE
	EndGlobalSection
	GlobalSection(ExtensibilityGlobals) = postSolution
		SolutionGuid = {53862B22-D8F8-4B37-A1BB-0904E8C73552}
	EndGlobalSection
EndGlobal
